// !$*UTF8*$!
{
	archiveVersion = 1;
	classes = {
	};
	objectVersion = 50;
	objects = {

/* Begin PBXBuildFile section */
		3BB195C421B3366800B47E81 /* AppDelegate.m in Sources */ = {isa = PBXBuildFile; fileRef = 3BB195C321B3366800B47E81 /* AppDelegate.m */; };
		3BB195CA21B3366800B47E81 /* Main.storyboard in Resources */ = {isa = PBXBuildFile; fileRef = 3BB195C821B3366800B47E81 /* Main.storyboard */; };
		3BB195CD21B3366800B47E81 /* ObjCCoreDataPractice.xcdatamodeld in Sources */ = {isa = PBXBuildFile; fileRef = 3BB195CB21B3366800B47E81 /* ObjCCoreDataPractice.xcdatamodeld */; };
		3BB195CF21B3366900B47E81 /* Assets.xcassets in Resources */ = {isa = PBXBuildFile; fileRef = 3BB195CE21B3366900B47E81 /* Assets.xcassets */; };
		3BB195D521B3366900B47E81 /* main.m in Sources */ = {isa = PBXBuildFile; fileRef = 3BB195D421B3366900B47E81 /* main.m */; };
		3BB1960721B497B400B47E81 /* TableViewController.m in Sources */ = {isa = PBXBuildFile; fileRef = 3BB1960621B497B400B47E81 /* TableViewController.m */; };
		3BB1960A21B497E100B47E81 /* TableViewCell.m in Sources */ = {isa = PBXBuildFile; fileRef = 3BB1960921B497E100B47E81 /* TableViewCell.m */; };
/* End PBXBuildFile section */

/* Begin PBXFileReference section */
		3BB195BF21B3366800B47E81 /* ObjCCoreDataPractice.app */ = {isa = PBXFileReference; explicitFileType = wrapper.application; includeInIndex = 0; path = ObjCCoreDataPractice.app; sourceTree = BUILT_PRODUCTS_DIR; };
		3BB195C221B3366800B47E81 /* AppDelegate.h */ = {isa = PBXFileReference; lastKnownFileType = sourcecode.c.h; path = AppDelegate.h; sourceTree = "<group>"; };
		3BB195C321B3366800B47E81 /* AppDelegate.m */ = {isa = PBXFileReference; lastKnownFileType = sourcecode.c.objc; path = AppDelegate.m; sourceTree = "<group>"; };
		3BB195C921B3366800B47E81 /* Base */ = {isa = PBXFileReference; lastKnownFileType = file.storyboard; name = Base; path = Base.lproj/Main.storyboard; sourceTree = "<group>"; };
		3BB195CC21B3366800B47E81 /* ObjCCoreDataPractice.xcdatamodel */ = {isa = PBXFileReference; lastKnownFileType = wrapper.xcdatamodel; path = ObjCCoreDataPractice.xcdatamodel; sourceTree = "<group>"; };
		3BB195CE21B3366900B47E81 /* Assets.xcassets */ = {isa = PBXFileReference; lastKnownFileType = folder.assetcatalog; path = Assets.xcassets; sourceTree = "<group>"; };
		3BB195D321B3366900B47E81 /* Info.plist */ = {isa = PBXFileReference; lastKnownFileType = text.plist.xml; path = Info.plist; sourceTree = "<group>"; };
		3BB195D421B3366900B47E81 /* main.m */ = {isa = PBXFileReference; lastKnownFileType = sourcecode.c.objc; path = main.m; sourceTree = "<group>"; };
		3BB1960521B497B400B47E81 /* TableViewController.h */ = {isa = PBXFileReference; lastKnownFileType = sourcecode.c.h; path = TableViewController.h; sourceTree = "<group>"; };
		3BB1960621B497B400B47E81 /* TableViewController.m */ = {isa = PBXFileReference; lastKnownFileType = sourcecode.c.objc; path = TableViewController.m; sourceTree = "<group>"; };
		3BB1960821B497E100B47E81 /* TableViewCell.h */ = {isa = PBXFileReference; lastKnownFileType = sourcecode.c.h; path = TableViewCell.h; sourceTree = "<group>"; };
		3BB1960921B497E100B47E81 /* TableViewCell.m */ = {isa = PBXFileReference; lastKnownFileType = sourcecode.c.objc; path = TableViewCell.m; sourceTree = "<group>"; };
/* End PBXFileReference section */

/* Begin PBXFrameworksBuildPhase section */
		3BB195BC21B3366800B47E81 /* Frameworks */ = {
			isa = PBXFrameworksBuildPhase;
			buildActionMask = 2147483647;
			files = (
			);
			runOnlyForDeploymentPostprocessing = 0;
		};
/* End PBXFrameworksBuildPhase section */

/* Begin PBXGroup section */
		3BB195B621B3366800B47E81 = {
			isa = PBXGroup;
			children = (
				3BB195C121B3366800B47E81 /* ObjCCoreDataPractice */,
				3BB195C021B3366800B47E81 /* Products */,
			);
			sourceTree = "<group>";
		};
		3BB195C021B3366800B47E81 /* Products */ = {
			isa = PBXGroup;
			children = (
				3BB195BF21B3366800B47E81 /* ObjCCoreDataPractice.app */,
			);
			name = Products;
			sourceTree = "<group>";
		};
		3BB195C121B3366800B47E81 /* ObjCCoreDataPractice */ = {
			isa = PBXGroup;
			children = (
				3BB195C221B3366800B47E81 /* AppDelegate.h */,
				3BB195C321B3366800B47E81 /* AppDelegate.m */,
				3BB1960521B497B400B47E81 /* TableViewController.h */,
				3BB1960621B497B400B47E81 /* TableViewController.m */,
				3BB1960821B497E100B47E81 /* TableViewCell.h */,
				3BB1960921B497E100B47E81 /* TableViewCell.m */,
				3BB195C821B3366800B47E81 /* Main.storyboard */,
				3BB195CE21B3366900B47E81 /* Assets.xcassets */,
				3BB195D321B3366900B47E81 /* Info.plist */,
				3BB195D421B3366900B47E81 /* main.m */,
				3BB195CB21B3366800B47E81 /* ObjCCoreDataPractice.xcdatamodeld */,
			);
			path = ObjCCoreDataPractice;
			sourceTree = "<group>";
		};
/* End PBXGroup section */

/* Begin PBXNativeTarget section */
		3BB195BE21B3366800B47E81 /* ObjCCoreDataPractice */ = {
			isa = PBXNativeTarget;
			buildConfigurationList = 3BB195D821B3366900B47E81 /* Build configuration list for PBXNativeTarget "ObjCCoreDataPractice" */;
			buildPhases = (
				3BB195BB21B3366800B47E81 /* Sources */,
				3BB195BC21B3366800B47E81 /* Frameworks */,
				3BB195BD21B3366800B47E81 /* Resources */,
			);
			buildRules = (
			);
			dependencies = (
			);
			name = ObjCCoreDataPractice;
			productName = ObjCCoreDataPractice;
			productReference = 3BB195BF21B3366800B47E81 /* ObjCCoreDataPractice.app */;
			productType = "com.apple.product-type.application";
		};
/* End PBXNativeTarget section */

/* Begin PBXProject section */
		3BB195B721B3366800B47E81 /* Project object */ = {
			isa = PBXProject;
			attributes = {
				LastUpgradeCheck = 1010;
				ORGANIZATIONNAME = Appamajigger;
				TargetAttributes = {
					3BB195BE21B3366800B47E81 = {
						CreatedOnToolsVersion = 10.1;
					};
				};
			};
			buildConfigurationList = 3BB195BA21B3366800B47E81 /* Build configuration list for PBXProject "ObjCCoreDataPractice" */;
			compatibilityVersion = "Xcode 9.3";
			developmentRegion = en;
			hasScannedForEncodings = 0;
			knownRegions = (
				en,
				Base,
			);
			mainGroup = 3BB195B621B3366800B47E81;
			productRefGroup = 3BB195C021B3366800B47E81 /* Products */;
			projectDirPath = "";
			projectRoot = "";
			targets = (
				3BB195BE21B3366800B47E81 /* ObjCCoreDataPractice */,
			);
		};
/* End PBXProject section */

/* Begin PBXResourcesBuildPhase section */
		3BB195BD21B3366800B47E81 /* Resources */ = {
			isa = PBXResourcesBuildPhase;
			buildActionMask = 2147483647;
			files = (
				3BB195CF21B3366900B47E81 /* Assets.xcassets in Resources */,
				3BB195CA21B3366800B47E81 /* Main.storyboard in Resources */,
			);
			runOnlyForDeploymentPostprocessing = 0;
		};
/* End PBXResourcesBuildPhase section */

/* Begin PBXSourcesBuildPhase section */
		3BB195BB21B3366800B47E81 /* Sources */ = {
			isa = PBXSourcesBuildPhase;
			buildActionMask = 2147483647;
			files = (
				3BB195CD21B3366800B47E81 /* ObjCCoreDataPractice.xcdatamodeld in Sources */,
				3BB195D521B3366900B47E81 /* main.m in Sources */,
				3BB195C421B3366800B47E81 /* AppDelegate.m in Sources */,
				3BB1960A21B497E100B47E81 /* TableViewCell.m in Sources */,
				3BB1960721B497B400B47E81 /* TableViewController.m in Sources */,
			);
			runOnlyForDeploymentPostprocessing = 0;
		};
/* End PBXSourcesBuildPhase section */

/* Begin PBXVariantGroup section */
		3BB195C821B3366800B47E81 /* Main.storyboard */ = {
			isa = PBXVariantGroup;
			children = (
				3BB195C921B3366800B47E81 /* Base */,
			);
			name = Main.storyboard;
			sourceTree = "<group>";
		};
/* End PBXVariantGroup section */

/* Begin XCBuildConfiguration section */
		3BB195D621B3366900B47E81 /* Debug */ = {
			isa = XCBuildConfiguration;
			buildSettings = {
				ALWAYS_SEARCH_USER_PATHS = NO;
				CLANG_ANALYZER_NONNULL = YES;
				CLANG_ANALYZER_NUMBER_OBJECT_CONVERSION = YES_AGGRESSIVE;
				CLANG_CXX_LANGUAGE_STANDARD = "gnu++14";
				CLANG_CXX_LIBRARY = "libc++";
				CLANG_ENABLE_MODULES = YES;
				CLANG_ENABLE_OBJC_ARC = YES;
				CLANG_ENABLE_OBJC_WEAK = YES;
				CLANG_WARN_BLOCK_CAPTURE_AUTORELEASING = YES;
				CLANG_WARN_BOOL_CONVERSION = YES;
				CLANG_WARN_COMMA = YES;
				CLANG_WARN_CONSTANT_CONVERSION = YES;
				CLANG_WARN_DEPRECATED_OBJC_IMPLEMENTATIONS = YES;
				CLANG_WARN_DIRECT_OBJC_ISA_USAGE = YES_ERROR;
				CLANG_WARN_DOCUMENTATION_COMMENTS = YES;
				CLANG_WARN_EMPTY_BODY = YES;
				CLANG_WARN_ENUM_CONVERSION = YES;
				CLANG_WARN_INFINITE_RECURSION = YES;
				CLANG_WARN_INT_CONVERSION = YES;
				CLANG_WARN_NON_LITERAL_NULL_CONVERSION = YES;
				CLANG_WARN_OBJC_IMPLICIT_RETAIN_SELF = YES;
				CLANG_WARN_OBJC_LITERAL_CONVERSION = YES;
				CLANG_WARN_OBJC_ROOT_CLASS = YES_ERROR;
				CLANG_WARN_RANGE_LOOP_ANALYSIS = YES;
				CLANG_WARN_STRICT_PROTOTYPES = YES;
				CLANG_WARN_SUSPICIOUS_MOVE = YES;
				CLANG_WARN_UNGUARDED_AVAILABILITY = YES_AGGRESSIVE;
				CLANG_WARN_UNREACHABLE_CODE = YES;
				CLANG_WARN__DUPLICATE_METHOD_MATCH = YES;
				CODE_SIGN_IDENTITY = "iPhone Developer";
				COPY_PHASE_STRIP = NO;
				DEBUG_INFORMATION_FORMAT = dwarf;
				ENABLE_STRICT_OBJC_MSGSEND = YES;
				ENABLE_TESTABILITY = YES;
				GCC_C_LANGUAGE_STANDARD = gnu11;
				GCC_DYNAMIC_NO_PIC = NO;
				GCC_NO_COMMON_BLOCKS = YES;
				GCC_OPTIMIZATION_LEVEL = 0;
				GCC_PREPROCESSOR_DEFINITIONS = (
					"DEBUG=1",
					"$(inherited)",
				);
				GCC_WARN_64_TO_32_BIT_CONVERSION = YES;
				GCC_WARN_ABOUT_RETURN_TYPE = YES_ERROR;
				GCC_WARN_UNDECLARED_SELECTOR = YES;
				GCC_WARN_UNINITIALIZED_AUTOS = YES_AGGRESSIVE;
				GCC_WARN_UNUSED_FUNCTION = YES;
				GCC_WARN_UNUSED_VARIABLE = YES;
				IPHONEOS_DEPLOYMENT_TARGET = 12.1;
				MTL_ENABLE_DEBUG_INFO = INCLUDE_SOURCE;
				MTL_FAST_MATH = YES;
				ONLY_ACTIVE_ARCH = YES;
				SDKROOT = iphoneos;
			};
			name = Debug;
		};
		3BB195D721B3366900B47E81 /* Release */ = {
			isa = XCBuildConfiguration;
			buildSettings = {
				ALWAYS_SEARCH_USER_PATHS = NO;
				CLANG_ANALYZER_NONNULL = YES;
				CLANG_ANALYZER_NUMBER_OBJECT_CONVERSION = YES_AGGRESSIVE;
				CLANG_CXX_LANGUAGE_STANDARD = "gnu++14";
				CLANG_CXX_LIBRARY = "libc++";
				CLANG_ENABLE_MODULES = YES;
				CLANG_ENABLE_OBJC_ARC = YES;
				CLANG_ENABLE_OBJC_WEAK = YES;
				CLANG_WARN_BLOCK_CAPTURE_AUTORELEASING = YES;
				CLANG_WARN_BOOL_CONVERSION = YES;
				CLANG_WARN_COMMA = YES;
				CLANG_WARN_CONSTANT_CONVERSION = YES;
				CLANG_WARN_DEPRECATED_OBJC_IMPLEMENTATIONS = YES;
				CLANG_WARN_DIRECT_OBJC_ISA_USAGE = YES_ERROR;
				CLANG_WARN_DOCUMENTATION_COMMENTS = YES;
				CLANG_WARN_EMPTY_BODY = YES;
				CLANG_WARN_ENUM_CONVERSION = YES;
				CLANG_WARN_INFINITE_RECURSION = YES;
				CLANG_WARN_INT_CONVERSION = YES;
				CLANG_WARN_NON_LITERAL_NULL_CONVERSION = YES;
				CLANG_WARN_OBJC_IMPLICIT_RETAIN_SELF = YES;
				CLANG_WARN_OBJC_LITERAL_CONVERSION = YES;
				CLANG_WARN_OBJC_ROOT_CLASS = YES_ERROR;
				CLANG_WARN_RANGE_LOOP_ANALYSIS = YES;
				CLANG_WARN_STRICT_PROTOTYPES = YES;
				CLANG_WARN_SUSPICIOUS_MOVE = YES;
				CLANG_WARN_UNGUARDED_AVAILABILITY = YES_AGGRESSIVE;
				CLANG_WARN_UNREACHABLE_CODE = YES;
				CLANG_WARN__DUPLICATE_METHOD_MATCH = YES;
				CODE_SIGN_IDENTITY = "iPhone Developer";
				COPY_PHASE_STRIP = NO;
				DEBUG_INFORMATION_FORMAT = "dwarf-with-dsym";
				ENABLE_NS_ASSERTIONS = NO;
				ENABLE_STRICT_OBJC_MSGSEND = YES;
				GCC_C_LANGUAGE_STANDARD = gnu11;
				GCC_NO_COMMON_BLOCKS = YES;
				GCC_WARN_64_TO_32_BIT_CONVERSION = YES;
				GCC_WARN_ABOUT_RETURN_TYPE = YES_ERROR;
				GCC_WARN_UNDECLARED_SELECTOR = YES;
				GCC_WARN_UNINITIALIZED_AUTOS = YES_AGGRESSIVE;
				GCC_WARN_UNUSED_FUNCTION = YES;
				GCC_WARN_UNUSED_VARIABLE = YES;
				IPHONEOS_DEPLOYMENT_TARGET = 12.1;
				MTL_ENABLE_DEBUG_INFO = NO;
				MTL_FAST_MATH = YES;
				SDKROOT = iphoneos;
				VALIDATE_PRODUCT = YES;
			};
			name = Release;
		};
		3BB195D921B3366900B47E81 /* Debug */ = {
			isa = XCBuildConfiguration;
			buildSettings = {
				ASSETCATALOG_COMPILER_APPICON_NAME = AppIcon;
				CODE_SIGN_STYLE = Automatic;
				DEVELOPMENT_TEAM = NM9E6W7574;
				INFOPLIST_FILE = ObjCCoreDataPractice/Info.plist;
				LD_RUNPATH_SEARCH_PATHS = (
					"$(inherited)",
					"@executable_path/Frameworks",
				);
				PRODUCT_BUNDLE_IDENTIFIER = com.appamajigger.ObjCCoreDataPractice;
				PRODUCT_NAME = "$(TARGET_NAME)";
				TARGETED_DEVICE_FAMILY = "1,2";
			};
			name = Debug;
		};
		3BB195DA21B3366900B47E81 /* Release */ = {
			isa = XCBuildConfiguration;
			buildSettings = {
				ASSETCATALOG_COMPILER_APPICON_NAME = AppIcon;
				CODE_SIGN_STYLE = Automatic;
				DEVELOPMENT_TEAM = NM9E6W7574;
				INFOPLIST_FILE = ObjCCoreDataPractice/Info.plist;
				LD_RUNPATH_SEARCH_PATHS = (
					"$(inherited)",
					"@executable_path/Frameworks",
				);
				PRODUCT_BUNDLE_IDENTIFIER = com.appamajigger.ObjCCoreDataPractice;
				PRODUCT_NAME = "$(TARGET_NAME)";
				TARGETED_DEVICE_FAMILY = "1,2";
			};
			name = Release;
		};
/* End XCBuildConfiguration section */

/* Begin XCConfigurationList section */
		3BB195BA21B3366800B47E81 /* Build configuration list for PBXProject "ObjCCoreDataPractice" */ = {
			isa = XCConfigurationList;
			buildConfigurations = (
				3BB195D621B3366900B47E81 /* Debug */,
				3BB195D721B3366900B47E81 /* Release */,
			);
			defaultConfigurationIsVisible = 0;
			defaultConfigurationName = Release;
		};
		3BB195D821B3366900B47E81 /* Build configuration list for PBXNativeTarget "ObjCCoreDataPractice" */ = {
			isa = XCConfigurationList;
			buildConfigurations = (
				3BB195D921B3366900B47E81 /* Debug */,
				3BB195DA21B3366900B47E81 /* Release */,
			);
			defaultConfigurationIsVisible = 0;
			defaultConfigurationName = Release;
		};
/* End XCConfigurationList section */

/* Begin XCVersionGroup section */
		3BB195CB21B3366800B47E81 /* ObjCCoreDataPractice.xcdatamodeld */ = {
			isa = XCVersionGroup;
			children = (
				3BB195CC21B3366800B47E81 /* ObjCCoreDataPractice.xcdatamodel */,
			);
			currentVersion = 3BB195CC21B3366800B47E81 /* ObjCCoreDataPractice.xcdatamodel */;
			path = ObjCCoreDataPractice.xcdatamodeld;
			sourceTree = "<group>";
			versionGroupType = wrapper.xcdatamodel;
		};
/* End XCVersionGroup section */
	};
	rootObject = 3BB195B721B3366800B47E81 /* Project object */;
}
